
Microsoft Visual Studio Solution File, Format Version 12.00
# Visual Studio 15
Project("{FAE04EC0-301F-11D3-BF4B-00C04F79EFBC}") = "Assembly-CSharp-firstpass", "Assembly-CSharp-firstpass.csproj", "{78863B88-90A8-32F3-B971-315E99552FCA}"
EndProject
Project("{FAE04EC0-301F-11D3-BF4B-00C04F79EFBC}") = "NativeFilePicker.Runtime", "NativeFilePicker.Runtime.csproj", "{35856A1D-A905-3D74-9339-3C44F26BB17B}"
EndProject
Project("{FAE04EC0-301F-11D3-BF4B-00C04F79EFBC}") = "Assembly-CSharp", "Assembly-CSharp.csproj", "{A12D8C71-867D-136D-927B-1B10F3B87F7B}"
EndProject
Project("{FAE04EC0-301F-11D3-BF4B-00C04F79EFBC}") = "NativeFilePicker.Editor", "NativeFilePicker.Editor.csproj", "{5679D7CE-6865-1A7D-74A4-8E89D18066C8}"
EndProject
Project("{FAE04EC0-301F-11D3-BF4B-00C04F79EFBC}") = "Assembly-CSharp-Editor-firstpass", "Assembly-CSharp-Editor-firstpass.csproj", "{0D1F66CB-6404-5D69-CD62-961804C7EF1A}"
EndProject
Project("{FAE04EC0-301F-11D3-BF4B-00C04F79EFBC}") = "Assembly-CSharp-Editor", "Assembly-CSharp-Editor.csproj", "{79BD9EF1-D6B9-6165-8284-3FC385F2CCA4}"
EndProject
Global
	GlobalSection(SolutionConfigurationPlatforms) = preSolution
		Debug|Any CPU = Debug|Any CPU
		Release|Any CPU = Release|Any CPU
	EndGlobalSection
	GlobalSection(ProjectConfigurationPlatforms) = postSolution
		{78863B88-90A8-32F3-B971-315E99552FCA}.Debug|Any CPU.ActiveCfg = Debug|Any CPU
		{78863B88-90A8-32F3-B971-315E99552FCA}.Debug|Any CPU.Build.0 = Debug|Any CPU
		{78863B88-90A8-32F3-B971-315E99552FCA}.Release|Any CPU.ActiveCfg = Release|Any CPU
		{78863B88-90A8-32F3-B971-315E99552FCA}.Release|Any CPU.Build.0 = Release|Any CPU
		{35856A1D-A905-3D74-9339-3C44F26BB17B}.Debug|Any CPU.ActiveCfg = Debug|Any CPU
		{35856A1D-A905-3D74-9339-3C44F26BB17B}.Debug|Any CPU.Build.0 = Debug|Any CPU
		{35856A1D-A905-3D74-9339-3C44F26BB17B}.Release|Any CPU.ActiveCfg = Release|Any CPU
		{35856A1D-A905-3D74-9339-3C44F26BB17B}.Release|Any CPU.Build.0 = Release|Any CPU
		{A12D8C71-867D-136D-927B-1B10F3B87F7B}.Debug|Any CPU.ActiveCfg = Debug|Any CPU
		{A12D8C71-867D-136D-927B-1B10F3B87F7B}.Debug|Any CPU.Build.0 = Debug|Any CPU
		{A12D8C71-867D-136D-927B-1B10F3B87F7B}.Release|Any CPU.ActiveCfg = Release|Any CPU
		{A12D8C71-867D-136D-927B-1B10F3B87F7B}.Release|Any CPU.Build.0 = Release|Any CPU
		{5679D7CE-6865-1A7D-74A4-8E89D18066C8}.Debug|Any CPU.ActiveCfg = Debug|Any CPU
		{5679D7CE-6865-1A7D-74A4-8E89D18066C8}.Debug|Any CPU.Build.0 = Debug|Any CPU
		{5679D7CE-6865-1A7D-74A4-8E89D18066C8}.Release|Any CPU.ActiveCfg = Release|Any CPU
		{5679D7CE-6865-1A7D-74A4-8E89D18066C8}.Release|Any CPU.Build.0 = Release|Any CPU
		{0D1F66CB-6404-5D69-CD62-961804C7EF1A}.Debug|Any CPU.ActiveCfg = Debug|Any CPU
		{0D1F66CB-6404-5D69-CD62-961804C7EF1A}.Debug|Any CPU.Build.0 = Debug|Any CPU
		{0D1F66CB-6404-5D69-CD62-961804C7EF1A}.Release|Any CPU.ActiveCfg = Release|Any CPU
		{0D1F66CB-6404-5D69-CD62-961804C7EF1A}.Release|Any CPU.Build.0 = Release|Any CPU
		{79BD9EF1-D6B9-6165-8284-3FC385F2CCA4}.Debug|Any CPU.ActiveCfg = Debug|Any CPU
		{79BD9EF1-D6B9-6165-8284-3FC385F2CCA4}.Debug|Any CPU.Build.0 = Debug|Any CPU
		{79BD9EF1-D6B9-6165-8284-3FC385F2CCA4}.Release|Any CPU.ActiveCfg = Release|Any CPU
		{79BD9EF1-D6B9-6165-8284-3FC385F2CCA4}.Release|Any CPU.Build.0 = Release|Any CPU
	EndGlobalSection
	GlobalSection(SolutionProperties) = preSolution
		HideSolutionNode = FALSE
	EndGlobalSection
EndGlobal
